// !$*UTF8*$!
{
	archiveVersion = 1;
	classes = {
	};
	objectVersion = 56;
	objects = {

/* Begin PBXBuildFile section */
		097466392A9F84D600623958 /* SwiftBookApp.swift in Sources */ = {isa = PBXBuildFile; fileRef = 097466382A9F84D600623958 /* SwiftBookApp.swift */; };
		0974663B2A9F84D600623958 /* ContentView.swift in Sources */ = {isa = PBXBuildFile; fileRef = 0974663A2A9F84D600623958 /* ContentView.swift */; };
		0974663D2A9F84DA00623958 /* Assets.xcassets in Resources */ = {isa = PBXBuildFile; fileRef = 0974663C2A9F84DA00623958 /* Assets.xcassets */; };
		097466412A9F84DA00623958 /* Preview Assets.xcassets in Resources */ = {isa = PBXBuildFile; fileRef = 097466402A9F84DA00623958 /* Preview Assets.xcassets */; };
		0974664B2A9F84DA00623958 /* SwiftBookTests.swift in Sources */ = {isa = PBXBuildFile; fileRef = 0974664A2A9F84DA00623958 /* SwiftBookTests.swift */; };
		097466552A9F84DA00623958 /* SwiftBookUITests.swift in Sources */ = {isa = PBXBuildFile; fileRef = 097466542A9F84DA00623958 /* SwiftBookUITests.swift */; };
		097466572A9F84DA00623958 /* SwiftBookUITestsLaunchTests.swift in Sources */ = {isa = PBXBuildFile; fileRef = 097466562A9F84DA00623958 /* SwiftBookUITestsLaunchTests.swift */; };
/* End PBXBuildFile section */

/* Begin PBXContainerItemProxy section */
		097466472A9F84DA00623958 /* PBXContainerItemProxy */ = {
			isa = PBXContainerItemProxy;
			containerPortal = 0974662D2A9F84D600623958 /* Project object */;
			proxyType = 1;
			remoteGlobalIDString = 097466342A9F84D600623958;
			remoteInfo = SwiftBook;
		};
		097466512A9F84DA00623958 /* PBXContainerItemProxy */ = {
			isa = PBXContainerItemProxy;
			containerPortal = 0974662D2A9F84D600623958 /* Project object */;
			proxyType = 1;
			remoteGlobalIDString = 097466342A9F84D600623958;
			remoteInfo = SwiftBook;
		};
/* End PBXContainerItemProxy section */

/* Begin PBXFileReference section */
		097466352A9F84D600623958 /* SwiftBook.app */ = {isa = PBXFileReference; explicitFileType = wrapper.application; includeInIndex = 0; path = SwiftBook.app; sourceTree = BUILT_PRODUCTS_DIR; };
		097466382A9F84D600623958 /* SwiftBookApp.swift */ = {isa = PBXFileReference; lastKnownFileType = sourcecode.swift; path = SwiftBookApp.swift; sourceTree = "<group>"; };
		0974663A2A9F84D600623958 /* ContentView.swift */ = {isa = PBXFileReference; lastKnownFileType = sourcecode.swift; path = ContentView.swift; sourceTree = "<group>"; };
		0974663C2A9F84DA00623958 /* Assets.xcassets */ = {isa = PBXFileReference; lastKnownFileType = folder.assetcatalog; path = Assets.xcassets; sourceTree = "<group>"; };
		0974663E2A9F84DA00623958 /* SwiftBook.entitlements */ = {isa = PBXFileReference; lastKnownFileType = text.plist.entitlements; path = SwiftBook.entitlements; sourceTree = "<group>"; };
		097466402A9F84DA00623958 /* Preview Assets.xcassets */ = {isa = PBXFileReference; lastKnownFileType = folder.assetcatalog; path = "Preview Assets.xcassets"; sourceTree = "<group>"; };
		097466462A9F84DA00623958 /* SwiftBookTests.xctest */ = {isa = PBXFileReference; explicitFileType = wrapper.cfbundle; includeInIndex = 0; path = SwiftBookTests.xctest; sourceTree = BUILT_PRODUCTS_DIR; };
		0974664A2A9F84DA00623958 /* SwiftBookTests.swift */ = {isa = PBXFileReference; lastKnownFileType = sourcecode.swift; path = SwiftBookTests.swift; sourceTree = "<group>"; };
		097466502A9F84DA00623958 /* SwiftBookUITests.xctest */ = {isa = PBXFileReference; explicitFileType = wrapper.cfbundle; includeInIndex = 0; path = SwiftBookUITests.xctest; sourceTree = BUILT_PRODUCTS_DIR; };
		097466542A9F84DA00623958 /* SwiftBookUITests.swift */ = {isa = PBXFileReference; lastKnownFileType = sourcecode.swift; path = SwiftBookUITests.swift; sourceTree = "<group>"; };
		097466562A9F84DA00623958 /* SwiftBookUITestsLaunchTests.swift */ = {isa = PBXFileReference; lastKnownFileType = sourcecode.swift; path = SwiftBookUITestsLaunchTests.swift; sourceTree = "<group>"; };
/* End PBXFileReference section */

/* Begin PBXFrameworksBuildPhase section */
		097466322A9F84D600623958 /* Frameworks */ = {
			isa = PBXFrameworksBuildPhase;
			buildActionMask = 2147483647;
			files = (
			);
			runOnlyForDeploymentPostprocessing = 0;
		};
		097466432A9F84DA00623958 /* Frameworks */ = {
			isa = PBXFrameworksBuildPhase;
			buildActionMask = 2147483647;
			files = (
			);
			runOnlyForDeploymentPostprocessing = 0;
		};
		0974664D2A9F84DA00623958 /* Frameworks */ = {
			isa = PBXFrameworksBuildPhase;
			buildActionMask = 2147483647;
			files = (
			);
			runOnlyForDeploymentPostprocessing = 0;
		};
/* End PBXFrameworksBuildPhase section */

/* Begin PBXGroup section */
		0974662C2A9F84D600623958 = {
			isa = PBXGroup;
			children = (
				097466372A9F84D600623958 /* SwiftBook */,
				097466492A9F84DA00623958 /* SwiftBookTests */,
				097466532A9F84DA00623958 /* SwiftBookUITests */,
				097466362A9F84D600623958 /* Products */,
			);
			sourceTree = "<group>";
		};
		097466362A9F84D600623958 /* Products */ = {
			isa = PBXGroup;
			children = (
				097466352A9F84D600623958 /* SwiftBook.app */,
				097466462A9F84DA00623958 /* SwiftBookTests.xctest */,
				097466502A9F84DA00623958 /* SwiftBookUITests.xctest */,
			);
			name = Products;
			sourceTree = "<group>";
		};
		097466372A9F84D600623958 /* SwiftBook */ = {
			isa = PBXGroup;
			children = (
				097466382A9F84D600623958 /* SwiftBookApp.swift */,
				0974663A2A9F84D600623958 /* ContentView.swift */,
				0974663C2A9F84DA00623958 /* Assets.xcassets */,
				0974663E2A9F84DA00623958 /* SwiftBook.entitlements */,
				0974663F2A9F84DA00623958 /* Preview Content */,
			);
			path = SwiftBook;
			sourceTree = "<group>";
		};
		0974663F2A9F84DA00623958 /* Preview Content */ = {
			isa = PBXGroup;
			children = (
				097466402A9F84DA00623958 /* Preview Assets.xcassets */,
			);
			path = "Preview Content";
			sourceTree = "<group>";
		};
		097466492A9F84DA00623958 /* SwiftBookTests */ = {
			isa = PBXGroup;
			children = (
				0974664A2A9F84DA00623958 /* SwiftBookTests.swift */,
			);
			path = SwiftBookTests;
			sourceTree = "<group>";
		};
		097466532A9F84DA00623958 /* SwiftBookUITests */ = {
			isa = PBXGroup;
			children = (
				097466542A9F84DA00623958 /* SwiftBookUITests.swift */,
				097466562A9F84DA00623958 /* SwiftBookUITestsLaunchTests.swift */,
			);
			path = SwiftBookUITests;
			sourceTree = "<group>";
		};
/* End PBXGroup section */

/* Begin PBXNativeTarget section */
		097466342A9F84D600623958 /* SwiftBook */ = {
			isa = PBXNativeTarget;
			buildConfigurationList = 0974665A2A9F84DA00623958 /* Build configuration list for PBXNativeTarget "SwiftBook" */;
			buildPhases = (
				097466312A9F84D600623958 /* Sources */,
				097466322A9F84D600623958 /* Frameworks */,
				097466332A9F84D600623958 /* Resources */,
			);
			buildRules = (
			);
			dependencies = (
			);
			name = SwiftBook;
			productName = SwiftBook;
			productReference = 097466352A9F84D600623958 /* SwiftBook.app */;
			productType = "com.apple.product-type.application";
		};
		097466452A9F84DA00623958 /* SwiftBookTests */ = {
			isa = PBXNativeTarget;
			buildConfigurationList = 0974665D2A9F84DA00623958 /* Build configuration list for PBXNativeTarget "SwiftBookTests" */;
			buildPhases = (
				097466422A9F84DA00623958 /* Sources */,
				097466432A9F84DA00623958 /* Frameworks */,
				097466442A9F84DA00623958 /* Resources */,
			);
			buildRules = (
			);
			dependencies = (
				097466482A9F84DA00623958 /* PBXTargetDependency */,
			);
			name = SwiftBookTests;
			productName = SwiftBookTests;
			productReference = 097466462A9F84DA00623958 /* SwiftBookTests.xctest */;
			productType = "com.apple.product-type.bundle.unit-test";
		};
		0974664F2A9F84DA00623958 /* SwiftBookUITests */ = {
			isa = PBXNativeTarget;
			buildConfigurationList = 097466602A9F84DA00623958 /* Build configuration list for PBXNativeTarget "SwiftBookUITests" */;
			buildPhases = (
				0974664C2A9F84DA00623958 /* Sources */,
				0974664D2A9F84DA00623958 /* Frameworks */,
				0974664E2A9F84DA00623958 /* Resources */,
			);
			buildRules = (
			);
			dependencies = (
				097466522A9F84DA00623958 /* PBXTargetDependency */,
			);
			name = SwiftBookUITests;
			productName = SwiftBookUITests;
			productReference = 097466502A9F84DA00623958 /* SwiftBookUITests.xctest */;
			productType = "com.apple.product-type.bundle.ui-testing";
		};
/* End PBXNativeTarget section */

/* Begin PBXProject section */
		0974662D2A9F84D600623958 /* Project object */ = {
			isa = PBXProject;
			attributes = {
				BuildIndependentTargetsInParallel = 1;
				LastSwiftUpdateCheck = 1500;
				LastUpgradeCheck = 1500;
				TargetAttributes = {
					097466342A9F84D600623958 = {
						CreatedOnToolsVersion = 15.0;
					};
					097466452A9F84DA00623958 = {
						CreatedOnToolsVersion = 15.0;
						TestTargetID = 097466342A9F84D600623958;
					};
					0974664F2A9F84DA00623958 = {
						CreatedOnToolsVersion = 15.0;
						TestTargetID = 097466342A9F84D600623958;
					};
				};
			};
			buildConfigurationList = 097466302A9F84D600623958 /* Build configuration list for PBXProject "SwiftBook" */;
			compatibilityVersion = "Xcode 14.0";
			developmentRegion = en;
			hasScannedForEncodings = 0;
			knownRegions = (
				en,
				Base,
			);
			mainGroup = 0974662C2A9F84D600623958;
			productRefGroup = 097466362A9F84D600623958 /* Products */;
			projectDirPath = "";
			projectRoot = "";
			targets = (
				097466342A9F84D600623958 /* SwiftBook */,
				097466452A9F84DA00623958 /* SwiftBookTests */,
				0974664F2A9F84DA00623958 /* SwiftBookUITests */,
			);
		};
/* End PBXProject section */

/* Begin PBXResourcesBuildPhase section */
		097466332A9F84D600623958 /* Resources */ = {
			isa = PBXResourcesBuildPhase;
			buildActionMask = 2147483647;
			files = (
				097466412A9F84DA00623958 /* Preview Assets.xcassets in Resources */,
				0974663D2A9F84DA00623958 /* Assets.xcassets in Resources */,
			);
			runOnlyForDeploymentPostprocessing = 0;
		};
		097466442A9F84DA00623958 /* Resources */ = {
			isa = PBXResourcesBuildPhase;
			buildActionMask = 2147483647;
			files = (
			);
			runOnlyForDeploymentPostprocessing = 0;
		};
		0974664E2A9F84DA00623958 /* Resources */ = {
			isa = PBXResourcesBuildPhase;
			buildActionMask = 2147483647;
			files = (
			);
			runOnlyForDeploymentPostprocessing = 0;
		};
/* End PBXResourcesBuildPhase section */

/* Begin PBXSourcesBuildPhase section */
		097466312A9F84D600623958 /* Sources */ = {
			isa = PBXSourcesBuildPhase;
			buildActionMask = 2147483647;
			files = (
				0974663B2A9F84D600623958 /* ContentView.swift in Sources */,
				097466392A9F84D600623958 /* SwiftBookApp.swift in Sources */,
			);
			runOnlyForDeploymentPostprocessing = 0;
		};
		097466422A9F84DA00623958 /* Sources */ = {
			isa = PBXSourcesBuildPhase;
			buildActionMask = 2147483647;
			files = (
				0974664B2A9F84DA00623958 /* SwiftBookTests.swift in Sources */,
			);
			runOnlyForDeploymentPostprocessing = 0;
		};
		0974664C2A9F84DA00623958 /* Sources */ = {
			isa = PBXSourcesBuildPhase;
			buildActionMask = 2147483647;
			files = (
				097466552A9F84DA00623958 /* SwiftBookUITests.swift in Sources */,
				097466572A9F84DA00623958 /* SwiftBookUITestsLaunchTests.swift in Sources */,
			);
			runOnlyForDeploymentPostprocessing = 0;
		};
/* End PBXSourcesBuildPhase section */

/* Begin PBXTargetDependency section */
		097466482A9F84DA00623958 /* PBXTargetDependency */ = {
			isa = PBXTargetDependency;
			target = 097466342A9F84D600623958 /* SwiftBook */;
			targetProxy = 097466472A9F84DA00623958 /* PBXContainerItemProxy */;
		};
		097466522A9F84DA00623958 /* PBXTargetDependency */ = {
			isa = PBXTargetDependency;
			target = 097466342A9F84D600623958 /* SwiftBook */;
			targetProxy = 097466512A9F84DA00623958 /* PBXContainerItemProxy */;
		};
/* End PBXTargetDependency section */

/* Begin XCBuildConfiguration section */
		097466582A9F84DA00623958 /* Debug */ = {
			isa = XCBuildConfiguration;
			buildSettings = {
				ALWAYS_SEARCH_USER_PATHS = NO;
				ASSETCATALOG_COMPILER_GENERATE_SWIFT_ASSET_SYMBOL_EXTENSIONS = YES;
				CLANG_ANALYZER_NONNULL = YES;
				CLANG_ANALYZER_NUMBER_OBJECT_CONVERSION = YES_AGGRESSIVE;
				CLANG_CXX_LANGUAGE_STANDARD = "gnu++20";
				CLANG_ENABLE_MODULES = YES;
				CLANG_ENABLE_OBJC_ARC = YES;
				CLANG_ENABLE_OBJC_WEAK = YES;
				CLANG_WARN_BLOCK_CAPTURE_AUTORELEASING = YES;
				CLANG_WARN_BOOL_CONVERSION = YES;
				CLANG_WARN_COMMA = YES;
				CLANG_WARN_CONSTANT_CONVERSION = YES;
				CLANG_WARN_DEPRECATED_OBJC_IMPLEMENTATIONS = YES;
				CLANG_WARN_DIRECT_OBJC_ISA_USAGE = YES_ERROR;
				CLANG_WARN_DOCUMENTATION_COMMENTS = YES;
				CLANG_WARN_EMPTY_BODY = YES;
				CLANG_WARN_ENUM_CONVERSION = YES;
				CLANG_WARN_INFINITE_RECURSION = YES;
				CLANG_WARN_INT_CONVERSION = YES;
				CLANG_WARN_NON_LITERAL_NULL_CONVERSION = YES;
				CLANG_WARN_OBJC_IMPLICIT_RETAIN_SELF = YES;
				CLANG_WARN_OBJC_LITERAL_CONVERSION = YES;
				CLANG_WARN_OBJC_ROOT_CLASS = YES_ERROR;
				CLANG_WARN_QUOTED_INCLUDE_IN_FRAMEWORK_HEADER = YES;
				CLANG_WARN_RANGE_LOOP_ANALYSIS = YES;
				CLANG_WARN_STRICT_PROTOTYPES = YES;
				CLANG_WARN_SUSPICIOUS_MOVE = YES;
				CLANG_WARN_UNGUARDED_AVAILABILITY = YES_AGGRESSIVE;
				CLANG_WARN_UNREACHABLE_CODE = YES;
				CLANG_WARN__DUPLICATE_METHOD_MATCH = YES;
				COPY_PHASE_STRIP = NO;
				DEBUG_INFORMATION_FORMAT = dwarf;
				ENABLE_STRICT_OBJC_MSGSEND = YES;
				ENABLE_TESTABILITY = YES;
				ENABLE_USER_SCRIPT_SANDBOXING = YES;
				GCC_C_LANGUAGE_STANDARD = gnu17;
				GCC_DYNAMIC_NO_PIC = NO;
				GCC_NO_COMMON_BLOCKS = YES;
				GCC_OPTIMIZATION_LEVEL = 0;
				GCC_PREPROCESSOR_DEFINITIONS = (
					"DEBUG=1",
					"$(inherited)",
				);
				GCC_WARN_64_TO_32_BIT_CONVERSION = YES;
				GCC_WARN_ABOUT_RETURN_TYPE = YES_ERROR;
				GCC_WARN_UNDECLARED_SELECTOR = YES;
				GCC_WARN_UNINITIALIZED_AUTOS = YES_AGGRESSIVE;
				GCC_WARN_UNUSED_FUNCTION = YES;
				GCC_WARN_UNUSED_VARIABLE = YES;
				LOCALIZATION_PREFERS_STRING_CATALOGS = YES;
				MTL_ENABLE_DEBUG_INFO = INCLUDE_SOURCE;
				MTL_FAST_MATH = YES;
				ONLY_ACTIVE_ARCH = YES;
				SWIFT_ACTIVE_COMPILATION_CONDITIONS = "DEBUG $(inherited)";
				SWIFT_OPTIMIZATION_LEVEL = "-Onone";
			};
			name = Debug;
		};
		097466592A9F84DA00623958 /* Release */ = {
			isa = XCBuildConfiguration;
			buildSettings = {
				ALWAYS_SEARCH_USER_PATHS = NO;
				ASSETCATALOG_COMPILER_GENERATE_SWIFT_ASSET_SYMBOL_EXTENSIONS = YES;
				CLANG_ANALYZER_NONNULL = YES;
				CLANG_ANALYZER_NUMBER_OBJECT_CONVERSION = YES_AGGRESSIVE;
				CLANG_CXX_LANGUAGE_STANDARD = "gnu++20";
				CLANG_ENABLE_MODULES = YES;
				CLANG_ENABLE_OBJC_ARC = YES;
				CLANG_ENABLE_OBJC_WEAK = YES;
				CLANG_WARN_BLOCK_CAPTURE_AUTORELEASING = YES;
				CLANG_WARN_BOOL_CONVERSION = YES;
				CLANG_WARN_COMMA = YES;
				CLANG_WARN_CONSTANT_CONVERSION = YES;
				CLANG_WARN_DEPRECATED_OBJC_IMPLEMENTATIONS = YES;
				CLANG_WARN_DIRECT_OBJC_ISA_USAGE = YES_ERROR;
				CLANG_WARN_DOCUMENTATION_COMMENTS = YES;
				CLANG_WARN_EMPTY_BODY = YES;
				CLANG_WARN_ENUM_CONVERSION = YES;
				CLANG_WARN_INFINITE_RECURSION = YES;
				CLANG_WARN_INT_CONVERSION = YES;
				CLANG_WARN_NON_LITERAL_NULL_CONVERSION = YES;
				CLANG_WARN_OBJC_IMPLICIT_RETAIN_SELF = YES;
				CLANG_WARN_OBJC_LITERAL_CONVERSION = YES;
				CLANG_WARN_OBJC_ROOT_CLASS = YES_ERROR;
				CLANG_WARN_QUOTED_INCLUDE_IN_FRAMEWORK_HEADER = YES;
				CLANG_WARN_RANGE_LOOP_ANALYSIS = YES;
				CLANG_WARN_STRICT_PROTOTYPES = YES;
				CLANG_WARN_SUSPICIOUS_MOVE = YES;
				CLANG_WARN_UNGUARDED_AVAILABILITY = YES_AGGRESSIVE;
				CLANG_WARN_UNREACHABLE_CODE = YES;
				CLANG_WARN__DUPLICATE_METHOD_MATCH = YES;
				COPY_PHASE_STRIP = NO;
				DEBUG_INFORMATION_FORMAT = "dwarf-with-dsym";
				ENABLE_NS_ASSERTIONS = NO;
				ENABLE_STRICT_OBJC_MSGSEND = YES;
				ENABLE_USER_SCRIPT_SANDBOXING = YES;
				GCC_C_LANGUAGE_STANDARD = gnu17;
				GCC_NO_COMMON_BLOCKS = YES;
				GCC_WARN_64_TO_32_BIT_CONVERSION = YES;
				GCC_WARN_ABOUT_RETURN_TYPE = YES_ERROR;
				GCC_WARN_UNDECLARED_SELECTOR = YES;
				GCC_WARN_UNINITIALIZED_AUTOS = YES_AGGRESSIVE;
				GCC_WARN_UNUSED_FUNCTION = YES;
				GCC_WARN_UNUSED_VARIABLE = YES;
				LOCALIZATION_PREFERS_STRING_CATALOGS = YES;
				MTL_ENABLE_DEBUG_INFO = NO;
				MTL_FAST_MATH = YES;
				SWIFT_COMPILATION_MODE = wholemodule;
			};
			name = Release;
		};
		0974665B2A9F84DA00623958 /* Debug */ = {
			isa = XCBuildConfiguration;
			buildSettings = {
				ASSETCATALOG_COMPILER_APPICON_NAME = AppIcon;
				ASSETCATALOG_COMPILER_GLOBAL_ACCENT_COLOR_NAME = AccentColor;
				CODE_SIGN_ENTITLEMENTS = SwiftBook/SwiftBook.entitlements;
				CODE_SIGN_STYLE = Automatic;
				CURRENT_PROJECT_VERSION = 1;
				DEVELOPMENT_ASSET_PATHS = "\"SwiftBook/Preview Content\"";
				DEVELOPMENT_TEAM = 4LZSXT57C3;
				ENABLE_HARDENED_RUNTIME = YES;
				ENABLE_PREVIEWS = YES;
				GENERATE_INFOPLIST_FILE = YES;
				"INFOPLIST_KEY_UIApplicationSceneManifest_Generation[sdk=iphoneos*]" = YES;
				"INFOPLIST_KEY_UIApplicationSceneManifest_Generation[sdk=iphonesimulator*]" = YES;
				"INFOPLIST_KEY_UIApplicationSupportsIndirectInputEvents[sdk=iphoneos*]" = YES;
				"INFOPLIST_KEY_UIApplicationSupportsIndirectInputEvents[sdk=iphonesimulator*]" = YES;
				"INFOPLIST_KEY_UILaunchScreen_Generation[sdk=iphoneos*]" = YES;
				"INFOPLIST_KEY_UILaunchScreen_Generation[sdk=iphonesimulator*]" = YES;
				"INFOPLIST_KEY_UIStatusBarStyle[sdk=iphoneos*]" = UIStatusBarStyleDefault;
				"INFOPLIST_KEY_UIStatusBarStyle[sdk=iphonesimulator*]" = UIStatusBarStyleDefault;
				INFOPLIST_KEY_UISupportedInterfaceOrientations_iPad = "UIInterfaceOrientationPortrait UIInterfaceOrientationPortraitUpsideDown UIInterfaceOrientationLandscapeLeft UIInterfaceOrientationLandscapeRight";
				INFOPLIST_KEY_UISupportedInterfaceOrientations_iPhone = "UIInterfaceOrientationPortrait UIInterfaceOrientationLandscapeLeft UIInterfaceOrientationLandscapeRight";
				IPHONEOS_DEPLOYMENT_TARGET = 17.0;
				LD_RUNPATH_SEARCH_PATHS = "@executable_path/Frameworks";
				"LD_RUNPATH_SEARCH_PATHS[sdk=macosx*]" = "@executable_path/../Frameworks";
				MACOSX_DEPLOYMENT_TARGET = 13.5;
				MARKETING_VERSION = 1.0;
				PRODUCT_BUNDLE_IDENTIFIER = mgaiduk.SwiftBook;
				PRODUCT_NAME = "$(TARGET_NAME)";
				SDKROOT = auto;
				SUPPORTED_PLATFORMS = "iphoneos iphonesimulator macosx";
				SWIFT_EMIT_LOC_STRINGS = YES;
				SWIFT_VERSION = 5.0;
				TARGETED_DEVICE_FAMILY = "1,2";
			};
			name = Debug;
		};
		0974665C2A9F84DA00623958 /* Release */ = {
			isa = XCBuildConfiguration;
			buildSettings = {
				ASSETCATALOG_COMPILER_APPICON_NAME = AppIcon;
				ASSETCATALOG_COMPILER_GLOBAL_ACCENT_COLOR_NAME = AccentColor;
				CODE_SIGN_ENTITLEMENTS = SwiftBook/SwiftBook.entitlements;
				CODE_SIGN_STYLE = Automatic;
				CURRENT_PROJECT_VERSION = 1;
				DEVELOPMENT_ASSET_PATHS = "\"SwiftBook/Preview Content\"";
				DEVELOPMENT_TEAM = 4LZSXT57C3;
				ENABLE_HARDENED_RUNTIME = YES;
				ENABLE_PREVIEWS = YES;
				GENERATE_INFOPLIST_FILE = YES;
				"INFOPLIST_KEY_UIApplicationSceneManifest_Generation[sdk=iphoneos*]" = YES;
				"INFOPLIST_KEY_UIApplicationSceneManifest_Generation[sdk=iphonesimulator*]" = YES;
				"INFOPLIST_KEY_UIApplicationSupportsIndirectInputEvents[sdk=iphoneos*]" = YES;
				"INFOPLIST_KEY_UIApplicationSupportsIndirectInputEvents[sdk=iphonesimulator*]" = YES;
				"INFOPLIST_KEY_UILaunchScreen_Generation[sdk=iphoneos*]" = YES;
				"INFOPLIST_KEY_UILaunchScreen_Generation[sdk=iphonesimulator*]" = YES;
				"INFOPLIST_KEY_UIStatusBarStyle[sdk=iphoneos*]" = UIStatusBarStyleDefault;
				"INFOPLIST_KEY_UIStatusBarStyle[sdk=iphonesimulator*]" = UIStatusBarStyleDefault;
				INFOPLIST_KEY_UISupportedInterfaceOrientations_iPad = "UIInterfaceOrientationPortrait UIInterfaceOrientationPortraitUpsideDown UIInterfaceOrientationLandscapeLeft UIInterfaceOrientationLandscapeRight";
				INFOPLIST_KEY_UISupportedInterfaceOrientations_iPhone = "UIInterfaceOrientationPortrait UIInterfaceOrientationLandscapeLeft UIInterfaceOrientationLandscapeRight";
				IPHONEOS_DEPLOYMENT_TARGET = 17.0;
				LD_RUNPATH_SEARCH_PATHS = "@executable_path/Frameworks";
				"LD_RUNPATH_SEARCH_PATHS[sdk=macosx*]" = "@executable_path/../Frameworks";
				MACOSX_DEPLOYMENT_TARGET = 13.5;
				MARKETING_VERSION = 1.0;
				PRODUCT_BUNDLE_IDENTIFIER = mgaiduk.SwiftBook;
				PRODUCT_NAME = "$(TARGET_NAME)";
				SDKROOT = auto;
				SUPPORTED_PLATFORMS = "iphoneos iphonesimulator macosx";
				SWIFT_EMIT_LOC_STRINGS = YES;
				SWIFT_VERSION = 5.0;
				TARGETED_DEVICE_FAMILY = "1,2";
			};
			name = Release;
		};
		0974665E2A9F84DA00623958 /* Debug */ = {
			isa = XCBuildConfiguration;
			buildSettings = {
				ALWAYS_EMBED_SWIFT_STANDARD_LIBRARIES = YES;
				BUNDLE_LOADER = "$(TEST_HOST)";
				CODE_SIGN_STYLE = Automatic;
				CURRENT_PROJECT_VERSION = 1;
				DEVELOPMENT_TEAM = 4LZSXT57C3;
				GENERATE_INFOPLIST_FILE = YES;
				IPHONEOS_DEPLOYMENT_TARGET = 17.0;
				MACOSX_DEPLOYMENT_TARGET = 13.5;
				MARKETING_VERSION = 1.0;
				PRODUCT_BUNDLE_IDENTIFIER = mgaiduk.SwiftBookTests;
				PRODUCT_NAME = "$(TARGET_NAME)";
				SDKROOT = auto;
				SUPPORTED_PLATFORMS = "iphoneos iphonesimulator macosx";
				SWIFT_EMIT_LOC_STRINGS = NO;
				SWIFT_VERSION = 5.0;
				TARGETED_DEVICE_FAMILY = "1,2";
				TEST_HOST = "$(BUILT_PRODUCTS_DIR)/SwiftBook.app/$(BUNDLE_EXECUTABLE_FOLDER_PATH)/SwiftBook";
			};
			name = Debug;
		};
		0974665F2A9F84DA00623958 /* Release */ = {
			isa = XCBuildConfiguration;
			buildSettings = {
				ALWAYS_EMBED_SWIFT_STANDARD_LIBRARIES = YES;
				BUNDLE_LOADER = "$(TEST_HOST)";
				CODE_SIGN_STYLE = Automatic;
				CURRENT_PROJECT_VERSION = 1;
				DEVELOPMENT_TEAM = 4LZSXT57C3;
				GENERATE_INFOPLIST_FILE = YES;
				IPHONEOS_DEPLOYMENT_TARGET = 17.0;
				MACOSX_DEPLOYMENT_TARGET = 13.5;
				MARKETING_VERSION = 1.0;
				PRODUCT_BUNDLE_IDENTIFIER = mgaiduk.SwiftBookTests;
				PRODUCT_NAME = "$(TARGET_NAME)";
				SDKROOT = auto;
				SUPPORTED_PLATFORMS = "iphoneos iphonesimulator macosx";
				SWIFT_EMIT_LOC_STRINGS = NO;
				SWIFT_VERSION = 5.0;
				TARGETED_DEVICE_FAMILY = "1,2";
				TEST_HOST = "$(BUILT_PRODUCTS_DIR)/SwiftBook.app/$(BUNDLE_EXECUTABLE_FOLDER_PATH)/SwiftBook";
			};
			name = Release;
		};
		097466612A9F84DA00623958 /* Debug */ = {
			isa = XCBuildConfiguration;
			buildSettings = {
				ALWAYS_EMBED_SWIFT_STANDARD_LIBRARIES = YES;
				CODE_SIGN_STYLE = Automatic;
				CURRENT_PROJECT_VERSION = 1;
				DEVELOPMENT_TEAM = 4LZSXT57C3;
				GENERATE_INFOPLIST_FILE = YES;
				IPHONEOS_DEPLOYMENT_TARGET = 17.0;
				MACOSX_DEPLOYMENT_TARGET = 13.5;
				MARKETING_VERSION = 1.0;
				PRODUCT_BUNDLE_IDENTIFIER = mgaiduk.SwiftBookUITests;
				PRODUCT_NAME = "$(TARGET_NAME)";
				SDKROOT = auto;
				SUPPORTED_PLATFORMS = "iphoneos iphonesimulator macosx";
				SWIFT_EMIT_LOC_STRINGS = NO;
				SWIFT_VERSION = 5.0;
				TARGETED_DEVICE_FAMILY = "1,2";
				TEST_TARGET_NAME = SwiftBook;
			};
			name = Debug;
		};
		097466622A9F84DA00623958 /* Release */ = {
			isa = XCBuildConfiguration;
			buildSettings = {
				ALWAYS_EMBED_SWIFT_STANDARD_LIBRARIES = YES;
				CODE_SIGN_STYLE = Automatic;
				CURRENT_PROJECT_VERSION = 1;
				DEVELOPMENT_TEAM = 4LZSXT57C3;
				GENERATE_INFOPLIST_FILE = YES;
				IPHONEOS_DEPLOYMENT_TARGET = 17.0;
				MACOSX_DEPLOYMENT_TARGET = 13.5;
				MARKETING_VERSION = 1.0;
				PRODUCT_BUNDLE_IDENTIFIER = mgaiduk.SwiftBookUITests;
				PRODUCT_NAME = "$(TARGET_NAME)";
				SDKROOT = auto;
				SUPPORTED_PLATFORMS = "iphoneos iphonesimulator macosx";
				SWIFT_EMIT_LOC_STRINGS = NO;
				SWIFT_VERSION = 5.0;
				TARGETED_DEVICE_FAMILY = "1,2";
				TEST_TARGET_NAME = SwiftBook;
			};
			name = Release;
		};
/* End XCBuildConfiguration section */

/* Begin XCConfigurationList section */
		097466302A9F84D600623958 /* Build configuration list for PBXProject "SwiftBook" */ = {
			isa = XCConfigurationList;
			buildConfigurations = (
				097466582A9F84DA00623958 /* Debug */,
				097466592A9F84DA00623958 /* Release */,
			);
			defaultConfigurationIsVisible = 0;
			defaultConfigurationName = Release;
		};
		0974665A2A9F84DA00623958 /* Build configuration list for PBXNativeTarget "SwiftBook" */ = {
			isa = XCConfigurationList;
			buildConfigurations = (
				0974665B2A9F84DA00623958 /* Debug */,
				0974665C2A9F84DA00623958 /* Release */,
			);
			defaultConfigurationIsVisible = 0;
			defaultConfigurationName = Release;
		};
		0974665D2A9F84DA00623958 /* Build configuration list for PBXNativeTarget "SwiftBookTests" */ = {
			isa = XCConfigurationList;
			buildConfigurations = (
				0974665E2A9F84DA00623958 /* Debug */,
				0974665F2A9F84DA00623958 /* Release */,
			);
			defaultConfigurationIsVisible = 0;
			defaultConfigurationName = Release;
		};
		097466602A9F84DA00623958 /* Build configuration list for PBXNativeTarget "SwiftBookUITests" */ = {
			isa = XCConfigurationList;
			buildConfigurations = (
				097466612A9F84DA00623958 /* Debug */,
				097466622A9F84DA00623958 /* Release */,
			);
			defaultConfigurationIsVisible = 0;
			defaultConfigurationName = Release;
		};
/* End XCConfigurationList section */
	};
	rootObject = 0974662D2A9F84D600623958 /* Project object */;
}
